// !$*UTF8*$!
{
	archiveVersion = 1;
	classes = {
	};
	objectVersion = 46;
	objects = {

/* Begin PBXBuildFile section */
		4CD23A2D1A05367E0093FD08 /* AppDelegate.swift in Sources */ = {isa = PBXBuildFile; fileRef = 4CD23A2C1A05367E0093FD08 /* AppDelegate.swift */; };
		4CD23A2F1A05367E0093FD08 /* ViewController.swift in Sources */ = {isa = PBXBuildFile; fileRef = 4CD23A2E1A05367E0093FD08 /* ViewController.swift */; };
		4CD23A321A05367E0093FD08 /* Main.storyboard in Resources */ = {isa = PBXBuildFile; fileRef = 4CD23A301A05367E0093FD08 /* Main.storyboard */; };
		4CD23A341A05367E0093FD08 /* Images.xcassets in Resources */ = {isa = PBXBuildFile; fileRef = 4CD23A331A05367E0093FD08 /* Images.xcassets */; };
		4CD23A371A05367E0093FD08 /* LaunchScreen.xib in Resources */ = {isa = PBXBuildFile; fileRef = 4CD23A351A05367E0093FD08 /* LaunchScreen.xib */; };
		4CD23A431A05367E0093FD08 /* SwiftTextClockTests.swift in Sources */ = {isa = PBXBuildFile; fileRef = 4CD23A421A05367E0093FD08 /* SwiftTextClockTests.swift */; };
/* End PBXBuildFile section */

/* Begin PBXContainerItemProxy section */
		4CD23A3D1A05367E0093FD08 /* PBXContainerItemProxy */ = {
			isa = PBXContainerItemProxy;
			containerPortal = 4CD23A1F1A05367E0093FD08 /* Project object */;
			proxyType = 1;
			remoteGlobalIDString = 4CD23A261A05367E0093FD08;
			remoteInfo = SwiftTextClock;
		};
/* End PBXContainerItemProxy section */

/* Begin PBXFileReference section */
		4CD23A271A05367E0093FD08 /* SwiftTextClock.app */ = {isa = PBXFileReference; explicitFileType = wrapper.application; includeInIndex = 0; path = SwiftTextClock.app; sourceTree = BUILT_PRODUCTS_DIR; };
		4CD23A2B1A05367E0093FD08 /* Info.plist */ = {isa = PBXFileReference; lastKnownFileType = text.plist.xml; path = Info.plist; sourceTree = "<group>"; };
		4CD23A2C1A05367E0093FD08 /* AppDelegate.swift */ = {isa = PBXFileReference; lastKnownFileType = sourcecode.swift; path = AppDelegate.swift; sourceTree = "<group>"; };
		4CD23A2E1A05367E0093FD08 /* ViewController.swift */ = {isa = PBXFileReference; lastKnownFileType = sourcecode.swift; path = ViewController.swift; sourceTree = "<group>"; };
		4CD23A311A05367E0093FD08 /* Base */ = {isa = PBXFileReference; lastKnownFileType = file.storyboard; name = Base; path = Base.lproj/Main.storyboard; sourceTree = "<group>"; };
		4CD23A331A05367E0093FD08 /* Images.xcassets */ = {isa = PBXFileReference; lastKnownFileType = folder.assetcatalog; path = Images.xcassets; sourceTree = "<group>"; };
		4CD23A361A05367E0093FD08 /* Base */ = {isa = PBXFileReference; lastKnownFileType = file.xib; name = Base; path = Base.lproj/LaunchScreen.xib; sourceTree = "<group>"; };
		4CD23A3C1A05367E0093FD08 /* SwiftTextClockTests.xctest */ = {isa = PBXFileReference; explicitFileType = wrapper.cfbundle; includeInIndex = 0; path = SwiftTextClockTests.xctest; sourceTree = BUILT_PRODUCTS_DIR; };
		4CD23A411A05367E0093FD08 /* Info.plist */ = {isa = PBXFileReference; lastKnownFileType = text.plist.xml; path = Info.plist; sourceTree = "<group>"; };
		4CD23A421A05367E0093FD08 /* SwiftTextClockTests.swift */ = {isa = PBXFileReference; lastKnownFileType = sourcecode.swift; path = SwiftTextClockTests.swift; sourceTree = "<group>"; };
/* End PBXFileReference section */

/* Begin PBXFrameworksBuildPhase section */
		4CD23A241A05367E0093FD08 /* Frameworks */ = {
			isa = PBXFrameworksBuildPhase;
			buildActionMask = 2147483647;
			files = (
			);
			runOnlyForDeploymentPostprocessing = 0;
		};
		4CD23A391A05367E0093FD08 /* Frameworks */ = {
			isa = PBXFrameworksBuildPhase;
			buildActionMask = 2147483647;
			files = (
			);
			runOnlyForDeploymentPostprocessing = 0;
		};
/* End PBXFrameworksBuildPhase section */

/* Begin PBXGroup section */
		4CD23A1E1A05367E0093FD08 = {
			isa = PBXGroup;
			children = (
				4CD23A291A05367E0093FD08 /* SwiftTextClock */,
				4CD23A3F1A05367E0093FD08 /* SwiftTextClockTests */,
				4CD23A281A05367E0093FD08 /* Products */,
			);
			sourceTree = "<group>";
		};
		4CD23A281A05367E0093FD08 /* Products */ = {
			isa = PBXGroup;
			children = (
				4CD23A271A05367E0093FD08 /* SwiftTextClock.app */,
				4CD23A3C1A05367E0093FD08 /* SwiftTextClockTests.xctest */,
			);
			name = Products;
			sourceTree = "<group>";
		};
		4CD23A291A05367E0093FD08 /* SwiftTextClock */ = {
			isa = PBXGroup;
			children = (
				4CD23A2C1A05367E0093FD08 /* AppDelegate.swift */,
				4CD23A2E1A05367E0093FD08 /* ViewController.swift */,
				4CD23A301A05367E0093FD08 /* Main.storyboard */,
				4CD23A331A05367E0093FD08 /* Images.xcassets */,
				4CD23A351A05367E0093FD08 /* LaunchScreen.xib */,
				4CD23A2A1A05367E0093FD08 /* Supporting Files */,
			);
			path = SwiftTextClock;
			sourceTree = "<group>";
		};
		4CD23A2A1A05367E0093FD08 /* Supporting Files */ = {
			isa = PBXGroup;
			children = (
				4CD23A2B1A05367E0093FD08 /* Info.plist */,
			);
			name = "Supporting Files";
			sourceTree = "<group>";
		};
		4CD23A3F1A05367E0093FD08 /* SwiftTextClockTests */ = {
			isa = PBXGroup;
			children = (
				4CD23A421A05367E0093FD08 /* SwiftTextClockTests.swift */,
				4CD23A401A05367E0093FD08 /* Supporting Files */,
			);
			path = SwiftTextClockTests;
			sourceTree = "<group>";
		};
		4CD23A401A05367E0093FD08 /* Supporting Files */ = {
			isa = PBXGroup;
			children = (
				4CD23A411A05367E0093FD08 /* Info.plist */,
			);
			name = "Supporting Files";
			sourceTree = "<group>";
		};
/* End PBXGroup section */

/* Begin PBXNativeTarget section */
		4CD23A261A05367E0093FD08 /* SwiftTextClock */ = {
			isa = PBXNativeTarget;
			buildConfigurationList = 4CD23A461A05367E0093FD08 /* Build configuration list for PBXNativeTarget "SwiftTextClock" */;
			buildPhases = (
				4CD23A231A05367E0093FD08 /* Sources */,
				4CD23A241A05367E0093FD08 /* Frameworks */,
				4CD23A251A05367E0093FD08 /* Resources */,
			);
			buildRules = (
			);
			dependencies = (
			);
			name = SwiftTextClock;
			productName = SwiftTextClock;
			productReference = 4CD23A271A05367E0093FD08 /* SwiftTextClock.app */;
			productType = "com.apple.product-type.application";
		};
		4CD23A3B1A05367E0093FD08 /* SwiftTextClockTests */ = {
			isa = PBXNativeTarget;
			buildConfigurationList = 4CD23A491A05367E0093FD08 /* Build configuration list for PBXNativeTarget "SwiftTextClockTests" */;
			buildPhases = (
				4CD23A381A05367E0093FD08 /* Sources */,
				4CD23A391A05367E0093FD08 /* Frameworks */,
				4CD23A3A1A05367E0093FD08 /* Resources */,
			);
			buildRules = (
			);
			dependencies = (
				4CD23A3E1A05367E0093FD08 /* PBXTargetDependency */,
			);
			name = SwiftTextClockTests;
			productName = SwiftTextClockTests;
			productReference = 4CD23A3C1A05367E0093FD08 /* SwiftTextClockTests.xctest */;
			productType = "com.apple.product-type.bundle.unit-test";
		};
/* End PBXNativeTarget section */

/* Begin PBXProject section */
		4CD23A1F1A05367E0093FD08 /* Project object */ = {
			isa = PBXProject;
			attributes = {
				LastUpgradeCheck = 0610;
				ORGANIZATIONNAME = "Michael Teeuw";
				TargetAttributes = {
					4CD23A261A05367E0093FD08 = {
						CreatedOnToolsVersion = 6.1;
					};
					4CD23A3B1A05367E0093FD08 = {
						CreatedOnToolsVersion = 6.1;
						TestTargetID = 4CD23A261A05367E0093FD08;
					};
				};
			};
			buildConfigurationList = 4CD23A221A05367E0093FD08 /* Build configuration list for PBXProject "SwiftTextClock" */;
			compatibilityVersion = "Xcode 3.2";
			developmentRegion = English;
			hasScannedForEncodings = 0;
			knownRegions = (
				en,
				Base,
			);
			mainGroup = 4CD23A1E1A05367E0093FD08;
			productRefGroup = 4CD23A281A05367E0093FD08 /* Products */;
			projectDirPath = "";
			projectRoot = "";
			targets = (
				4CD23A261A05367E0093FD08 /* SwiftTextClock */,
				4CD23A3B1A05367E0093FD08 /* SwiftTextClockTests */,
			);
		};
/* End PBXProject section */

/* Begin PBXResourcesBuildPhase section */
		4CD23A251A05367E0093FD08 /* Resources */ = {
			isa = PBXResourcesBuildPhase;
			buildActionMask = 2147483647;
			files = (
				4CD23A321A05367E0093FD08 /* Main.storyboard in Resources */,
				4CD23A371A05367E0093FD08 /* LaunchScreen.xib in Resources */,
				4CD23A341A05367E0093FD08 /* Images.xcassets in Resources */,
			);
			runOnlyForDeploymentPostprocessing = 0;
		};
		4CD23A3A1A05367E0093FD08 /* Resources */ = {
			isa = PBXResourcesBuildPhase;
			buildActionMask = 2147483647;
			files = (
			);
			runOnlyForDeploymentPostprocessing = 0;
		};
/* End PBXResourcesBuildPhase section */

/* Begin PBXSourcesBuildPhase section */
		4CD23A231A05367E0093FD08 /* Sources */ = {
			isa = PBXSourcesBuildPhase;
			buildActionMask = 2147483647;
			files = (
				4CD23A2F1A05367E0093FD08 /* ViewController.swift in Sources */,
				4CD23A2D1A05367E0093FD08 /* AppDelegate.swift in Sources */,
			);
			runOnlyForDeploymentPostprocessing = 0;
		};
		4CD23A381A05367E0093FD08 /* Sources */ = {
			isa = PBXSourcesBuildPhase;
			buildActionMask = 2147483647;
			files = (
				4CD23A431A05367E0093FD08 /* SwiftTextClockTests.swift in Sources */,
			);
			runOnlyForDeploymentPostprocessing = 0;
		};
/* End PBXSourcesBuildPhase section */

/* Begin PBXTargetDependency section */
		4CD23A3E1A05367E0093FD08 /* PBXTargetDependency */ = {
			isa = PBXTargetDependency;
			target = 4CD23A261A05367E0093FD08 /* SwiftTextClock */;
			targetProxy = 4CD23A3D1A05367E0093FD08 /* PBXContainerItemProxy */;
		};
/* End PBXTargetDependency section */

/* Begin PBXVariantGroup section */
		4CD23A301A05367E0093FD08 /* Main.storyboard */ = {
			isa = PBXVariantGroup;
			children = (
				4CD23A311A05367E0093FD08 /* Base */,
			);
			name = Main.storyboard;
			sourceTree = "<group>";
		};
		4CD23A351A05367E0093FD08 /* LaunchScreen.xib */ = {
			isa = PBXVariantGroup;
			children = (
				4CD23A361A05367E0093FD08 /* Base */,
			);
			name = LaunchScreen.xib;
			sourceTree = "<group>";
		};
/* End PBXVariantGroup section */

/* Begin XCBuildConfiguration section */
		4CD23A441A05367E0093FD08 /* Debug */ = {
			isa = XCBuildConfiguration;
			buildSettings = {
				ALWAYS_SEARCH_USER_PATHS = NO;
				CLANG_CXX_LANGUAGE_STANDARD = "gnu++0x";
				CLANG_CXX_LIBRARY = "libc++";
				CLANG_ENABLE_MODULES = YES;
				CLANG_ENABLE_OBJC_ARC = YES;
				CLANG_WARN_BOOL_CONVERSION = YES;
				CLANG_WARN_CONSTANT_CONVERSION = YES;
				CLANG_WARN_DIRECT_OBJC_ISA_USAGE = YES_ERROR;
				CLANG_WARN_EMPTY_BODY = YES;
				CLANG_WARN_ENUM_CONVERSION = YES;
				CLANG_WARN_INT_CONVERSION = YES;
				CLANG_WARN_OBJC_ROOT_CLASS = YES_ERROR;
				CLANG_WARN_UNREACHABLE_CODE = YES;
				CLANG_WARN__DUPLICATE_METHOD_MATCH = YES;
				"CODE_SIGN_IDENTITY[sdk=iphoneos*]" = "iPhone Developer";
				COPY_PHASE_STRIP = NO;
				ENABLE_STRICT_OBJC_MSGSEND = YES;
				GCC_C_LANGUAGE_STANDARD = gnu99;
				GCC_DYNAMIC_NO_PIC = NO;
				GCC_OPTIMIZATION_LEVEL = 0;
				GCC_PREPROCESSOR_DEFINITIONS = (
					"DEBUG=1",
					"$(inherited)",
				);
				GCC_SYMBOLS_PRIVATE_EXTERN = NO;
				GCC_WARN_64_TO_32_BIT_CONVERSION = YES;
				GCC_WARN_ABOUT_RETURN_TYPE = YES_ERROR;
				GCC_WARN_UNDECLARED_SELECTOR = YES;
				GCC_WARN_UNINITIALIZED_AUTOS = YES_AGGRESSIVE;
				GCC_WARN_UNUSED_FUNCTION = YES;
				GCC_WARN_UNUSED_VARIABLE = YES;
				IPHONEOS_DEPLOYMENT_TARGET = 8.1;
				MTL_ENABLE_DEBUG_INFO = YES;
				ONLY_ACTIVE_ARCH = YES;
				SDKROOT = iphoneos;
				SWIFT_OPTIMIZATION_LEVEL = "-Onone";
				TARGETED_DEVICE_FAMILY = "1,2";
			};
			name = Debug;
		};
		4CD23A451A05367E0093FD08 /* Release */ = {
			isa = XCBuildConfiguration;
			buildSettings = {
				ALWAYS_SEARCH_USER_PATHS = NO;
				CLANG_CXX_LANGUAGE_STANDARD = "gnu++0x";
				CLANG_CXX_LIBRARY = "libc++";
				CLANG_ENABLE_MODULES = YES;
				CLANG_ENABLE_OBJC_ARC = YES;
				CLANG_WARN_BOOL_CONVERSION = YES;
				CLANG_WARN_CONSTANT_CONVERSION = YES;
				CLANG_WARN_DIRECT_OBJC_ISA_USAGE = YES_ERROR;
				CLANG_WARN_EMPTY_BODY = YES;
				CLANG_WARN_ENUM_CONVERSION = YES;
				CLANG_WARN_INT_CONVERSION = YES;
				CLANG_WARN_OBJC_ROOT_CLASS = YES_ERROR;
				CLANG_WARN_UNREACHABLE_CODE = YES;
				CLANG_WARN__DUPLICATE_METHOD_MATCH = YES;
				"CODE_SIGN_IDENTITY[sdk=iphoneos*]" = "iPhone Developer";
				COPY_PHASE_STRIP = YES;
				ENABLE_NS_ASSERTIONS = NO;
				ENABLE_STRICT_OBJC_MSGSEND = YES;
				GCC_C_LANGUAGE_STANDARD = gnu99;
				GCC_WARN_64_TO_32_BIT_CONVERSION = YES;
				GCC_WARN_ABOUT_RETURN_TYPE = YES_ERROR;
				GCC_WARN_UNDECLARED_SELECTOR = YES;
				GCC_WARN_UNINITIALIZED_AUTOS = YES_AGGRESSIVE;
				GCC_WARN_UNUSED_FUNCTION = YES;
				GCC_WARN_UNUSED_VARIABLE = YES;
				IPHONEOS_DEPLOYMENT_TARGET = 8.1;
				MTL_ENABLE_DEBUG_INFO = NO;
				SDKROOT = iphoneos;
				TARGETED_DEVICE_FAMILY = "1,2";
				VALIDATE_PRODUCT = YES;
			};
			name = Release;
		};
		4CD23A471A05367E0093FD08 /* Debug */ = {
			isa = XCBuildConfiguration;
			buildSettings = {
				ASSETCATALOG_COMPILER_APPICON_NAME = AppIcon;
				INFOPLIST_FILE = SwiftTextClock/Info.plist;
				LD_RUNPATH_SEARCH_PATHS = "$(inherited) @executable_path/Frameworks";
				PRODUCT_NAME = "$(TARGET_NAME)";
			};
			name = Debug;
		};
		4CD23A481A05367E0093FD08 /* Release */ = {
			isa = XCBuildConfiguration;
			buildSettings = {
				ASSETCATALOG_COMPILER_APPICON_NAME = AppIcon;
				INFOPLIST_FILE = SwiftTextClock/Info.plist;
				LD_RUNPATH_SEARCH_PATHS = "$(inherited) @executable_path/Frameworks";
				PRODUCT_NAME = "$(TARGET_NAME)";
			};
			name = Release;
		};
		4CD23A4A1A05367E0093FD08 /* Debug */ = {
			isa = XCBuildConfiguration;
			buildSettings = {
				BUNDLE_LOADER = "$(TEST_HOST)";
				FRAMEWORK_SEARCH_PATHS = (
					"$(SDKROOT)/Developer/Library/Frameworks",
					"$(inherited)",
				);
				GCC_PREPROCESSOR_DEFINITIONS = (
					"DEBUG=1",
					"$(inherited)",
				);
				INFOPLIST_FILE = SwiftTextClockTests/Info.plist;
				LD_RUNPATH_SEARCH_PATHS = "$(inherited) @executable_path/Frameworks @loader_path/Frameworks";
				PRODUCT_NAME = "$(TARGET_NAME)";
				TEST_HOST = "$(BUILT_PRODUCTS_DIR)/SwiftTextClock.app/SwiftTextClock";
			};
			name = Debug;
		};
		4CD23A4B1A05367E0093FD08 /* Release */ = {
			isa = XCBuildConfiguration;
			buildSettings = {
				BUNDLE_LOADER = "$(TEST_HOST)";
				FRAMEWORK_SEARCH_PATHS = (
					"$(SDKROOT)/Developer/Library/Frameworks",
					"$(inherited)",
				);
				INFOPLIST_FILE = SwiftTextClockTests/Info.plist;
				LD_RUNPATH_SEARCH_PATHS = "$(inherited) @executable_path/Frameworks @loader_path/Frameworks";
				PRODUCT_NAME = "$(TARGET_NAME)";
				TEST_HOST = "$(BUILT_PRODUCTS_DIR)/SwiftTextClock.app/SwiftTextClock";
			};
			name = Release;
		};
/* End XCBuildConfiguration section */

/* Begin XCConfigurationList section */
		4CD23A221A05367E0093FD08 /* Build configuration list for PBXProject "SwiftTextClock" */ = {
			isa = XCConfigurationList;
			buildConfigurations = (
				4CD23A441A05367E0093FD08 /* Debug */,
				4CD23A451A05367E0093FD08 /* Release */,
			);
			defaultConfigurationIsVisible = 0;
			defaultConfigurationName = Release;
		};
		4CD23A461A05367E0093FD08 /* Build configuration list for PBXNativeTarget "SwiftTextClock" */ = {
			isa = XCConfigurationList;
			buildConfigurations = (
				4CD23A471A05367E0093FD08 /* Debug */,
				4CD23A481A05367E0093FD08 /* Release */,
			);
			defaultConfigurationIsVisible = 0;
		};
		4CD23A491A05367E0093FD08 /* Build configuration list for PBXNativeTarget "SwiftTextClockTests" */ = {
			isa = XCConfigurationList;
			buildConfigurations = (
				4CD23A4A1A05367E0093FD08 /* Debug */,
				4CD23A4B1A05367E0093FD08 /* Release */,
			);
			defaultConfigurationIsVisible = 0;
		};
/* End XCConfigurationList section */
	};
	rootObject = 4CD23A1F1A05367E0093FD08 /* Project object */;
}
