// !$*UTF8*$!
{
	archiveVersion = 1;
	classes = {
	};
	objectVersion = 46;
	objects = {

/* Begin PBXBuildFile section */
		4C3BB2681BEB8EF300B8730F /* AppDelegate.swift in Sources */ = {isa = PBXBuildFile; fileRef = 4C3BB2671BEB8EF300B8730F /* AppDelegate.swift */; };
		4C3BB26A1BEB8EF300B8730F /* ViewController.swift in Sources */ = {isa = PBXBuildFile; fileRef = 4C3BB2691BEB8EF300B8730F /* ViewController.swift */; };
		4C3BB26D1BEB8EF300B8730F /* Main.storyboard in Resources */ = {isa = PBXBuildFile; fileRef = 4C3BB26B1BEB8EF300B8730F /* Main.storyboard */; };
		4C3BB26F1BEB8EF300B8730F /* Assets.xcassets in Resources */ = {isa = PBXBuildFile; fileRef = 4C3BB26E1BEB8EF300B8730F /* Assets.xcassets */; };
		4C3BB2751BEB8F7800B8730F /* TextClockView.swift in Sources */ = {isa = PBXBuildFile; fileRef = 4CD23A4C1A0536A50093FD08 /* TextClockView.swift */; };
		4C3BB2761BEB8F7B00B8730F /* CharacterView.swift in Sources */ = {isa = PBXBuildFile; fileRef = 4CBBC7301A05698F00B21E33 /* CharacterView.swift */; };
		4CBBC7311A05698F00B21E33 /* CharacterView.swift in Sources */ = {isa = PBXBuildFile; fileRef = 4CBBC7301A05698F00B21E33 /* CharacterView.swift */; };
		4CBBC7611A057CD400B21E33 /* LaunchScreen.xib in Resources */ = {isa = PBXBuildFile; fileRef = 4CBBC7601A057CD400B21E33 /* LaunchScreen.xib */; };
		4CD23A2D1A05367E0093FD08 /* AppDelegate.swift in Sources */ = {isa = PBXBuildFile; fileRef = 4CD23A2C1A05367E0093FD08 /* AppDelegate.swift */; };
		4CD23A2F1A05367E0093FD08 /* ViewController.swift in Sources */ = {isa = PBXBuildFile; fileRef = 4CD23A2E1A05367E0093FD08 /* ViewController.swift */; };
		4CD23A321A05367E0093FD08 /* Main.storyboard in Resources */ = {isa = PBXBuildFile; fileRef = 4CD23A301A05367E0093FD08 /* Main.storyboard */; };
		4CD23A341A05367E0093FD08 /* Images.xcassets in Resources */ = {isa = PBXBuildFile; fileRef = 4CD23A331A05367E0093FD08 /* Images.xcassets */; };
		4CD23A4D1A0536A50093FD08 /* TextClockView.swift in Sources */ = {isa = PBXBuildFile; fileRef = 4CD23A4C1A0536A50093FD08 /* TextClockView.swift */; };
/* End PBXBuildFile section */

/* Begin PBXFileReference section */
		4C3BB2651BEB8EF300B8730F /* TextClock Apple TV.app */ = {isa = PBXFileReference; explicitFileType = wrapper.application; includeInIndex = 0; path = "TextClock Apple TV.app"; sourceTree = BUILT_PRODUCTS_DIR; };
		4C3BB2671BEB8EF300B8730F /* AppDelegate.swift */ = {isa = PBXFileReference; lastKnownFileType = sourcecode.swift; path = AppDelegate.swift; sourceTree = "<group>"; };
		4C3BB2691BEB8EF300B8730F /* ViewController.swift */ = {isa = PBXFileReference; lastKnownFileType = sourcecode.swift; path = ViewController.swift; sourceTree = "<group>"; };
		4C3BB26C1BEB8EF300B8730F /* Base */ = {isa = PBXFileReference; lastKnownFileType = file.storyboard; name = Base; path = Base.lproj/Main.storyboard; sourceTree = "<group>"; };
		4C3BB26E1BEB8EF300B8730F /* Assets.xcassets */ = {isa = PBXFileReference; lastKnownFileType = folder.assetcatalog; path = Assets.xcassets; sourceTree = "<group>"; };
		4C3BB2701BEB8EF300B8730F /* Info.plist */ = {isa = PBXFileReference; lastKnownFileType = text.plist.xml; path = Info.plist; sourceTree = "<group>"; };
		4CBBC7301A05698F00B21E33 /* CharacterView.swift */ = {isa = PBXFileReference; fileEncoding = 4; lastKnownFileType = sourcecode.swift; name = CharacterView.swift; path = SwiftTextClock/CharacterView.swift; sourceTree = "<group>"; };
		4CBBC7601A057CD400B21E33 /* LaunchScreen.xib */ = {isa = PBXFileReference; fileEncoding = 4; lastKnownFileType = file.xib; path = LaunchScreen.xib; sourceTree = "<group>"; };
		4CD23A271A05367E0093FD08 /* SwiftTextClock.app */ = {isa = PBXFileReference; explicitFileType = wrapper.application; includeInIndex = 0; path = SwiftTextClock.app; sourceTree = BUILT_PRODUCTS_DIR; };
		4CD23A2B1A05367E0093FD08 /* Info.plist */ = {isa = PBXFileReference; lastKnownFileType = text.plist.xml; path = Info.plist; sourceTree = "<group>"; };
		4CD23A2C1A05367E0093FD08 /* AppDelegate.swift */ = {isa = PBXFileReference; lastKnownFileType = sourcecode.swift; path = AppDelegate.swift; sourceTree = "<group>"; };
		4CD23A2E1A05367E0093FD08 /* ViewController.swift */ = {isa = PBXFileReference; lastKnownFileType = sourcecode.swift; path = ViewController.swift; sourceTree = "<group>"; };
		4CD23A311A05367E0093FD08 /* Base */ = {isa = PBXFileReference; lastKnownFileType = file.storyboard; name = Base; path = Base.lproj/Main.storyboard; sourceTree = "<group>"; };
		4CD23A331A05367E0093FD08 /* Images.xcassets */ = {isa = PBXFileReference; lastKnownFileType = folder.assetcatalog; path = Images.xcassets; sourceTree = "<group>"; };
		4CD23A4C1A0536A50093FD08 /* TextClockView.swift */ = {isa = PBXFileReference; fileEncoding = 4; lastKnownFileType = sourcecode.swift; name = TextClockView.swift; path = SwiftTextClock/TextClockView.swift; sourceTree = "<group>"; };
/* End PBXFileReference section */

/* Begin PBXFrameworksBuildPhase section */
		4C3BB2621BEB8EF300B8730F /* Frameworks */ = {
			isa = PBXFrameworksBuildPhase;
			buildActionMask = 2147483647;
			files = (
			);
			runOnlyForDeploymentPostprocessing = 0;
		};
		4CD23A241A05367E0093FD08 /* Frameworks */ = {
			isa = PBXFrameworksBuildPhase;
			buildActionMask = 2147483647;
			files = (
			);
			runOnlyForDeploymentPostprocessing = 0;
		};
/* End PBXFrameworksBuildPhase section */

/* Begin PBXGroup section */
		4C3BB2661BEB8EF300B8730F /* TextClock Apple TV */ = {
			isa = PBXGroup;
			children = (
				4C3BB2671BEB8EF300B8730F /* AppDelegate.swift */,
				4C3BB2691BEB8EF300B8730F /* ViewController.swift */,
				4C3BB26B1BEB8EF300B8730F /* Main.storyboard */,
				4C3BB26E1BEB8EF300B8730F /* Assets.xcassets */,
				4C3BB2701BEB8EF300B8730F /* Info.plist */,
			);
			path = "TextClock Apple TV";
			sourceTree = "<group>";
		};
		4C3BB2741BEB8F6500B8730F /* Shared */ = {
			isa = PBXGroup;
			children = (
				4CD23A4C1A0536A50093FD08 /* TextClockView.swift */,
				4CBBC7301A05698F00B21E33 /* CharacterView.swift */,
			);
			name = Shared;
			sourceTree = "<group>";
		};
		4CD23A1E1A05367E0093FD08 = {
			isa = PBXGroup;
			children = (
				4C3BB2741BEB8F6500B8730F /* Shared */,
				4CD23A291A05367E0093FD08 /* SwiftTextClock */,
				4C3BB2661BEB8EF300B8730F /* TextClock Apple TV */,
				4CD23A281A05367E0093FD08 /* Products */,
			);
			sourceTree = "<group>";
		};
		4CD23A281A05367E0093FD08 /* Products */ = {
			isa = PBXGroup;
			children = (
				4CD23A271A05367E0093FD08 /* SwiftTextClock.app */,
				4C3BB2651BEB8EF300B8730F /* TextClock Apple TV.app */,
			);
			name = Products;
			sourceTree = "<group>";
		};
		4CD23A291A05367E0093FD08 /* SwiftTextClock */ = {
			isa = PBXGroup;
			children = (
				4CBBC7601A057CD400B21E33 /* LaunchScreen.xib */,
				4CD23A2C1A05367E0093FD08 /* AppDelegate.swift */,
				4CD23A2E1A05367E0093FD08 /* ViewController.swift */,
				4CD23A301A05367E0093FD08 /* Main.storyboard */,
				4CD23A331A05367E0093FD08 /* Images.xcassets */,
				4CD23A2A1A05367E0093FD08 /* Supporting Files */,
			);
			path = SwiftTextClock;
			sourceTree = "<group>";
		};
		4CD23A2A1A05367E0093FD08 /* Supporting Files */ = {
			isa = PBXGroup;
			children = (
				4CD23A2B1A05367E0093FD08 /* Info.plist */,
			);
			name = "Supporting Files";
			sourceTree = "<group>";
		};
/* End PBXGroup section */

/* Begin PBXNativeTarget section */
		4C3BB2641BEB8EF300B8730F /* TextClock Apple TV */ = {
			isa = PBXNativeTarget;
			buildConfigurationList = 4C3BB2711BEB8EF300B8730F /* Build configuration list for PBXNativeTarget "TextClock Apple TV" */;
			buildPhases = (
				4C3BB2611BEB8EF300B8730F /* Sources */,
				4C3BB2621BEB8EF300B8730F /* Frameworks */,
				4C3BB2631BEB8EF300B8730F /* Resources */,
			);
			buildRules = (
			);
			dependencies = (
			);
			name = "TextClock Apple TV";
			productName = "TextClock Apple TV";
			productReference = 4C3BB2651BEB8EF300B8730F /* TextClock Apple TV.app */;
			productType = "com.apple.product-type.application";
		};
		4CD23A261A05367E0093FD08 /* SwiftTextClock */ = {
			isa = PBXNativeTarget;
			buildConfigurationList = 4CD23A461A05367E0093FD08 /* Build configuration list for PBXNativeTarget "SwiftTextClock" */;
			buildPhases = (
				4CD23A231A05367E0093FD08 /* Sources */,
				4CD23A241A05367E0093FD08 /* Frameworks */,
				4CD23A251A05367E0093FD08 /* Resources */,
			);
			buildRules = (
			);
			dependencies = (
			);
			name = SwiftTextClock;
			productName = SwiftTextClock;
			productReference = 4CD23A271A05367E0093FD08 /* SwiftTextClock.app */;
			productType = "com.apple.product-type.application";
		};
/* End PBXNativeTarget section */

/* Begin PBXProject section */
		4CD23A1F1A05367E0093FD08 /* Project object */ = {
			isa = PBXProject;
			attributes = {
				LastSwiftMigration = 0710;
				LastSwiftUpdateCheck = 0710;
				LastUpgradeCheck = 0710;
				ORGANIZATIONNAME = "Michael Teeuw";
				TargetAttributes = {
					4C3BB2641BEB8EF300B8730F = {
						CreatedOnToolsVersion = 7.1;
					};
					4CD23A261A05367E0093FD08 = {
						CreatedOnToolsVersion = 6.1;
					};
				};
			};
			buildConfigurationList = 4CD23A221A05367E0093FD08 /* Build configuration list for PBXProject "SwiftTextClock" */;
			compatibilityVersion = "Xcode 3.2";
			developmentRegion = English;
			hasScannedForEncodings = 0;
			knownRegions = (
				en,
				Base,
			);
			mainGroup = 4CD23A1E1A05367E0093FD08;
			productRefGroup = 4CD23A281A05367E0093FD08 /* Products */;
			projectDirPath = "";
			projectRoot = "";
			targets = (
				4CD23A261A05367E0093FD08 /* SwiftTextClock */,
				4C3BB2641BEB8EF300B8730F /* TextClock Apple TV */,
			);
		};
/* End PBXProject section */

/* Begin PBXResourcesBuildPhase section */
		4C3BB2631BEB8EF300B8730F /* Resources */ = {
			isa = PBXResourcesBuildPhase;
			buildActionMask = 2147483647;
			files = (
				4C3BB26F1BEB8EF300B8730F /* Assets.xcassets in Resources */,
				4C3BB26D1BEB8EF300B8730F /* Main.storyboard in Resources */,
			);
			runOnlyForDeploymentPostprocessing = 0;
		};
		4CD23A251A05367E0093FD08 /* Resources */ = {
			isa = PBXResourcesBuildPhase;
			buildActionMask = 2147483647;
			files = (
				4CD23A321A05367E0093FD08 /* Main.storyboard in Resources */,
				4CBBC7611A057CD400B21E33 /* LaunchScreen.xib in Resources */,
				4CD23A341A05367E0093FD08 /* Images.xcassets in Resources */,
			);
			runOnlyForDeploymentPostprocessing = 0;
		};
/* End PBXResourcesBuildPhase section */

/* Begin PBXSourcesBuildPhase section */
		4C3BB2611BEB8EF300B8730F /* Sources */ = {
			isa = PBXSourcesBuildPhase;
			buildActionMask = 2147483647;
			files = (
				4C3BB2751BEB8F7800B8730F /* TextClockView.swift in Sources */,
				4C3BB26A1BEB8EF300B8730F /* ViewController.swift in Sources */,
				4C3BB2761BEB8F7B00B8730F /* CharacterView.swift in Sources */,
				4C3BB2681BEB8EF300B8730F /* AppDelegate.swift in Sources */,
			);
			runOnlyForDeploymentPostprocessing = 0;
		};
		4CD23A231A05367E0093FD08 /* Sources */ = {
			isa = PBXSourcesBuildPhase;
			buildActionMask = 2147483647;
			files = (
				4CD23A4D1A0536A50093FD08 /* TextClockView.swift in Sources */,
				4CD23A2F1A05367E0093FD08 /* ViewController.swift in Sources */,
				4CBBC7311A05698F00B21E33 /* CharacterView.swift in Sources */,
				4CD23A2D1A05367E0093FD08 /* AppDelegate.swift in Sources */,
			);
			runOnlyForDeploymentPostprocessing = 0;
		};
/* End PBXSourcesBuildPhase section */

/* Begin PBXVariantGroup section */
		4C3BB26B1BEB8EF300B8730F /* Main.storyboard */ = {
			isa = PBXVariantGroup;
			children = (
				4C3BB26C1BEB8EF300B8730F /* Base */,
			);
			name = Main.storyboard;
			sourceTree = "<group>";
		};
		4CD23A301A05367E0093FD08 /* Main.storyboard */ = {
			isa = PBXVariantGroup;
			children = (
				4CD23A311A05367E0093FD08 /* Base */,
			);
			name = Main.storyboard;
			sourceTree = "<group>";
		};
/* End PBXVariantGroup section */

/* Begin XCBuildConfiguration section */
		4C3BB2721BEB8EF300B8730F /* Debug */ = {
			isa = XCBuildConfiguration;
			buildSettings = {
				ASSETCATALOG_COMPILER_APPICON_NAME = "App Icon & Top Shelf Image";
				ASSETCATALOG_COMPILER_LAUNCHIMAGE_NAME = LaunchImage;
				DEBUG_INFORMATION_FORMAT = dwarf;
				GCC_NO_COMMON_BLOCKS = YES;
				INFOPLIST_FILE = "TextClock Apple TV/Info.plist";
				LD_RUNPATH_SEARCH_PATHS = "$(inherited) @executable_path/Frameworks";
				PRODUCT_BUNDLE_IDENTIFIER = nl.xonaymedia.textclock;
				PRODUCT_NAME = "$(TARGET_NAME)";
				SDKROOT = appletvos;
				TARGETED_DEVICE_FAMILY = 3;
				TVOS_DEPLOYMENT_TARGET = 9.0;
			};
			name = Debug;
		};
		4C3BB2731BEB8EF300B8730F /* Release */ = {
			isa = XCBuildConfiguration;
			buildSettings = {
				ASSETCATALOG_COMPILER_APPICON_NAME = "App Icon & Top Shelf Image";
				ASSETCATALOG_COMPILER_LAUNCHIMAGE_NAME = LaunchImage;
				COPY_PHASE_STRIP = NO;
				DEBUG_INFORMATION_FORMAT = "dwarf-with-dsym";
				GCC_NO_COMMON_BLOCKS = YES;
				INFOPLIST_FILE = "TextClock Apple TV/Info.plist";
				LD_RUNPATH_SEARCH_PATHS = "$(inherited) @executable_path/Frameworks";
				PRODUCT_BUNDLE_IDENTIFIER = nl.xonaymedia.textclock;
				PRODUCT_NAME = "$(TARGET_NAME)";
				SDKROOT = appletvos;
				TARGETED_DEVICE_FAMILY = 3;
				TVOS_DEPLOYMENT_TARGET = 9.0;
			};
			name = Release;
		};
		4CD23A441A05367E0093FD08 /* Debug */ = {
			isa = XCBuildConfiguration;
			buildSettings = {
				ALWAYS_SEARCH_USER_PATHS = NO;
				CLANG_CXX_LANGUAGE_STANDARD = "gnu++0x";
				CLANG_CXX_LIBRARY = "libc++";
				CLANG_ENABLE_MODULES = YES;
				CLANG_ENABLE_OBJC_ARC = YES;
				CLANG_WARN_BOOL_CONVERSION = YES;
				CLANG_WARN_CONSTANT_CONVERSION = YES;
				CLANG_WARN_DIRECT_OBJC_ISA_USAGE = YES_ERROR;
				CLANG_WARN_EMPTY_BODY = YES;
				CLANG_WARN_ENUM_CONVERSION = YES;
				CLANG_WARN_INT_CONVERSION = YES;
				CLANG_WARN_OBJC_ROOT_CLASS = YES_ERROR;
				CLANG_WARN_UNREACHABLE_CODE = YES;
				CLANG_WARN__DUPLICATE_METHOD_MATCH = YES;
				"CODE_SIGN_IDENTITY[sdk=iphoneos*]" = "iPhone Developer";
				COPY_PHASE_STRIP = NO;
				ENABLE_STRICT_OBJC_MSGSEND = YES;
				ENABLE_TESTABILITY = YES;
				GCC_C_LANGUAGE_STANDARD = gnu99;
				GCC_DYNAMIC_NO_PIC = NO;
				GCC_OPTIMIZATION_LEVEL = 0;
				GCC_PREPROCESSOR_DEFINITIONS = (
					"DEBUG=1",
					"$(inherited)",
				);
				GCC_SYMBOLS_PRIVATE_EXTERN = NO;
				GCC_WARN_64_TO_32_BIT_CONVERSION = YES;
				GCC_WARN_ABOUT_RETURN_TYPE = YES_ERROR;
				GCC_WARN_UNDECLARED_SELECTOR = YES;
				GCC_WARN_UNINITIALIZED_AUTOS = YES_AGGRESSIVE;
				GCC_WARN_UNUSED_FUNCTION = YES;
				GCC_WARN_UNUSED_VARIABLE = YES;
				IPHONEOS_DEPLOYMENT_TARGET = 8.1;
				MTL_ENABLE_DEBUG_INFO = YES;
				ONLY_ACTIVE_ARCH = YES;
				SDKROOT = iphoneos;
				SWIFT_OPTIMIZATION_LEVEL = "-Onone";
				TARGETED_DEVICE_FAMILY = "1,2";
			};
			name = Debug;
		};
		4CD23A451A05367E0093FD08 /* Release */ = {
			isa = XCBuildConfiguration;
			buildSettings = {
				ALWAYS_SEARCH_USER_PATHS = NO;
				CLANG_CXX_LANGUAGE_STANDARD = "gnu++0x";
				CLANG_CXX_LIBRARY = "libc++";
				CLANG_ENABLE_MODULES = YES;
				CLANG_ENABLE_OBJC_ARC = YES;
				CLANG_WARN_BOOL_CONVERSION = YES;
				CLANG_WARN_CONSTANT_CONVERSION = YES;
				CLANG_WARN_DIRECT_OBJC_ISA_USAGE = YES_ERROR;
				CLANG_WARN_EMPTY_BODY = YES;
				CLANG_WARN_ENUM_CONVERSION = YES;
				CLANG_WARN_INT_CONVERSION = YES;
				CLANG_WARN_OBJC_ROOT_CLASS = YES_ERROR;
				CLANG_WARN_UNREACHABLE_CODE = YES;
				CLANG_WARN__DUPLICATE_METHOD_MATCH = YES;
				"CODE_SIGN_IDENTITY[sdk=iphoneos*]" = "iPhone Developer";
				COPY_PHASE_STRIP = YES;
				ENABLE_NS_ASSERTIONS = NO;
				ENABLE_STRICT_OBJC_MSGSEND = YES;
				GCC_C_LANGUAGE_STANDARD = gnu99;
				GCC_WARN_64_TO_32_BIT_CONVERSION = YES;
				GCC_WARN_ABOUT_RETURN_TYPE = YES_ERROR;
				GCC_WARN_UNDECLARED_SELECTOR = YES;
				GCC_WARN_UNINITIALIZED_AUTOS = YES_AGGRESSIVE;
				GCC_WARN_UNUSED_FUNCTION = YES;
				GCC_WARN_UNUSED_VARIABLE = YES;
				IPHONEOS_DEPLOYMENT_TARGET = 8.1;
				MTL_ENABLE_DEBUG_INFO = NO;
				SDKROOT = iphoneos;
				TARGETED_DEVICE_FAMILY = "1,2";
				VALIDATE_PRODUCT = YES;
			};
			name = Release;
		};
		4CD23A471A05367E0093FD08 /* Debug */ = {
			isa = XCBuildConfiguration;
			buildSettings = {
				ASSETCATALOG_COMPILER_APPICON_NAME = AppIcon;
				INFOPLIST_FILE = SwiftTextClock/Info.plist;
				LD_RUNPATH_SEARCH_PATHS = "$(inherited) @executable_path/Frameworks";
				PRODUCT_BUNDLE_IDENTIFIER = nl.xonaymedia.textclock;
				PRODUCT_NAME = "$(TARGET_NAME)";
				PROVISIONING_PROFILE = "482e8a04-6321-4e3b-a191-7ff92cad69ed";
			};
			name = Debug;
		};
		4CD23A481A05367E0093FD08 /* Release */ = {
			isa = XCBuildConfiguration;
			buildSettings = {
				ASSETCATALOG_COMPILER_APPICON_NAME = AppIcon;
				INFOPLIST_FILE = SwiftTextClock/Info.plist;
				LD_RUNPATH_SEARCH_PATHS = "$(inherited) @executable_path/Frameworks";
				PRODUCT_BUNDLE_IDENTIFIER = nl.xonaymedia.textclock;
				PRODUCT_NAME = "$(TARGET_NAME)";
				PROVISIONING_PROFILE = "482e8a04-6321-4e3b-a191-7ff92cad69ed";
			};
			name = Release;
		};
/* End XCBuildConfiguration section */

/* Begin XCConfigurationList section */
		4C3BB2711BEB8EF300B8730F /* Build configuration list for PBXNativeTarget "TextClock Apple TV" */ = {
			isa = XCConfigurationList;
			buildConfigurations = (
				4C3BB2721BEB8EF300B8730F /* Debug */,
				4C3BB2731BEB8EF300B8730F /* Release */,
			);
			defaultConfigurationIsVisible = 0;
		};
		4CD23A221A05367E0093FD08 /* Build configuration list for PBXProject "SwiftTextClock" */ = {
			isa = XCConfigurationList;
			buildConfigurations = (
				4CD23A441A05367E0093FD08 /* Debug */,
				4CD23A451A05367E0093FD08 /* Release */,
			);
			defaultConfigurationIsVisible = 0;
			defaultConfigurationName = Release;
		};
		4CD23A461A05367E0093FD08 /* Build configuration list for PBXNativeTarget "SwiftTextClock" */ = {
			isa = XCConfigurationList;
			buildConfigurations = (
				4CD23A471A05367E0093FD08 /* Debug */,
				4CD23A481A05367E0093FD08 /* Release */,
			);
			defaultConfigurationIsVisible = 0;
			defaultConfigurationName = Release;
		};
/* End XCConfigurationList section */
	};
	rootObject = 4CD23A1F1A05367E0093FD08 /* Project object */;
}
